// !$*UTF8*$!
{
	archiveVersion = 1;
	classes = {
	};
	objectVersion = 46;
	objects = {

/* Begin PBXBuildFile section */
		0F3FD3E31CB815F8002AD7A6 /* AppDelegate.swift in Sources */ = {isa = PBXBuildFile; fileRef = 0F3FD3E21CB815F8002AD7A6 /* AppDelegate.swift */; };
		0F3FD3E61CB815F8002AD7A6 /* iOSFonts.xcdatamodeld in Sources */ = {isa = PBXBuildFile; fileRef = 0F3FD3E41CB815F8002AD7A6 /* iOSFonts.xcdatamodeld */; };
		0F3FD3E81CB815F8002AD7A6 /* MasterViewController.swift in Sources */ = {isa = PBXBuildFile; fileRef = 0F3FD3E71CB815F8002AD7A6 /* MasterViewController.swift */; };
		0F3FD3EA1CB815F8002AD7A6 /* DetailViewController.swift in Sources */ = {isa = PBXBuildFile; fileRef = 0F3FD3E91CB815F8002AD7A6 /* DetailViewController.swift */; };
		0F3FD3ED1CB815F9002AD7A6 /* Main.storyboard in Resources */ = {isa = PBXBuildFile; fileRef = 0F3FD3EB1CB815F8002AD7A6 /* Main.storyboard */; };
		0F3FD3EF1CB815F9002AD7A6 /* Assets.xcassets in Resources */ = {isa = PBXBuildFile; fileRef = 0F3FD3EE1CB815F9002AD7A6 /* Assets.xcassets */; };
		0F3FD3F21CB815F9002AD7A6 /* LaunchScreen.storyboard in Resources */ = {isa = PBXBuildFile; fileRef = 0F3FD3F01CB815F9002AD7A6 /* LaunchScreen.storyboard */; };
		0F3FD3FD1CB815F9002AD7A6 /* iOSFontsTests.swift in Sources */ = {isa = PBXBuildFile; fileRef = 0F3FD3FC1CB815F9002AD7A6 /* iOSFontsTests.swift */; };
		0F3FD4081CB815F9002AD7A6 /* iOSFontsUITests.swift in Sources */ = {isa = PBXBuildFile; fileRef = 0F3FD4071CB815F9002AD7A6 /* iOSFontsUITests.swift */; };
		0F3FD4131CB81685002AD7A6 /* FontTableViewController.swift in Sources */ = {isa = PBXBuildFile; fileRef = 0F656C4F1CB72FBD00CB2C63 /* FontTableViewController.swift */; };
		0F3FD4141CB81686002AD7A6 /* FontTableViewController.swift in Sources */ = {isa = PBXBuildFile; fileRef = 0F656C4F1CB72FBD00CB2C63 /* FontTableViewController.swift */; };
		0F3FD4151CB81695002AD7A6 /* CZFontsManager.swift in Sources */ = {isa = PBXBuildFile; fileRef = 0FCF618B1CB6B6FA00845BC5 /* CZFontsManager.swift */; };
		0F3FD4161CB81696002AD7A6 /* CZFontsManager.swift in Sources */ = {isa = PBXBuildFile; fileRef = 0FCF618B1CB6B6FA00845BC5 /* CZFontsManager.swift */; };
		0F3FD4171CB81697002AD7A6 /* CZFontsManager.swift in Sources */ = {isa = PBXBuildFile; fileRef = 0FCF618B1CB6B6FA00845BC5 /* CZFontsManager.swift */; };
		0F3FD4191CB81883002AD7A6 /* Main.storyboard in Resources */ = {isa = PBXBuildFile; fileRef = 0F3FD3EB1CB815F8002AD7A6 /* Main.storyboard */; };
		0F656C4E1CB72F2F00CB2C63 /* Main.storyboard in Resources */ = {isa = PBXBuildFile; fileRef = 0FCAFDB81CB6A85E00ED7CBD /* Main.storyboard */; };
		0F656C501CB72FBD00CB2C63 /* FontTableViewController.swift in Sources */ = {isa = PBXBuildFile; fileRef = 0F656C4F1CB72FBD00CB2C63 /* FontTableViewController.swift */; };
		0F656C511CB72FBD00CB2C63 /* FontTableViewController.swift in Sources */ = {isa = PBXBuildFile; fileRef = 0F656C4F1CB72FBD00CB2C63 /* FontTableViewController.swift */; };
		0FCAFDB21CB6A85E00ED7CBD /* AppDelegate.swift in Sources */ = {isa = PBXBuildFile; fileRef = 0FCAFDB11CB6A85E00ED7CBD /* AppDelegate.swift */; };
		0FCAFDB41CB6A85E00ED7CBD /* ViewController.swift in Sources */ = {isa = PBXBuildFile; fileRef = 0FCAFDB31CB6A85E00ED7CBD /* ViewController.swift */; };
		0FCAFDB71CB6A85E00ED7CBD /* Apple_Fonts.xcdatamodeld in Sources */ = {isa = PBXBuildFile; fileRef = 0FCAFDB51CB6A85E00ED7CBD /* Apple_Fonts.xcdatamodeld */; };
		0FCAFDBA1CB6A85E00ED7CBD /* Main.storyboard in Resources */ = {isa = PBXBuildFile; fileRef = 0FCAFDB81CB6A85E00ED7CBD /* Main.storyboard */; };
		0FCAFDBC1CB6A85E00ED7CBD /* Assets.xcassets in Resources */ = {isa = PBXBuildFile; fileRef = 0FCAFDBB1CB6A85E00ED7CBD /* Assets.xcassets */; };
		0FCAFDC71CB6A85E00ED7CBD /* Apple_FontsTests.swift in Sources */ = {isa = PBXBuildFile; fileRef = 0FCAFDC61CB6A85E00ED7CBD /* Apple_FontsTests.swift */; };
		0FCAFDD21CB6A85E00ED7CBD /* Apple_FontsUITests.swift in Sources */ = {isa = PBXBuildFile; fileRef = 0FCAFDD11CB6A85E00ED7CBD /* Apple_FontsUITests.swift */; };
		0FCF618C1CB6B6FA00845BC5 /* CZFontsManager.swift in Sources */ = {isa = PBXBuildFile; fileRef = 0FCF618B1CB6B6FA00845BC5 /* CZFontsManager.swift */; };
		0FCF618D1CB6B6FA00845BC5 /* CZFontsManager.swift in Sources */ = {isa = PBXBuildFile; fileRef = 0FCF618B1CB6B6FA00845BC5 /* CZFontsManager.swift */; };
/* End PBXBuildFile section */

/* Begin PBXContainerItemProxy section */
		0F3FD3F91CB815F9002AD7A6 /* PBXContainerItemProxy */ = {
			isa = PBXContainerItemProxy;
			containerPortal = 0FCAFDA61CB6A85E00ED7CBD /* Project object */;
			proxyType = 1;
			remoteGlobalIDString = 0F3FD3DF1CB815F8002AD7A6;
			remoteInfo = iOSFonts;
		};
		0F3FD4041CB815F9002AD7A6 /* PBXContainerItemProxy */ = {
			isa = PBXContainerItemProxy;
			containerPortal = 0FCAFDA61CB6A85E00ED7CBD /* Project object */;
			proxyType = 1;
			remoteGlobalIDString = 0F3FD3DF1CB815F8002AD7A6;
			remoteInfo = iOSFonts;
		};
		0FCAFDC31CB6A85E00ED7CBD /* PBXContainerItemProxy */ = {
			isa = PBXContainerItemProxy;
			containerPortal = 0FCAFDA61CB6A85E00ED7CBD /* Project object */;
			proxyType = 1;
			remoteGlobalIDString = 0FCAFDAD1CB6A85E00ED7CBD;
			remoteInfo = "Apple Fonts";
		};
		0FCAFDCE1CB6A85E00ED7CBD /* PBXContainerItemProxy */ = {
			isa = PBXContainerItemProxy;
			containerPortal = 0FCAFDA61CB6A85E00ED7CBD /* Project object */;
			proxyType = 1;
			remoteGlobalIDString = 0FCAFDAD1CB6A85E00ED7CBD;
			remoteInfo = "Apple Fonts";
		};
/* End PBXContainerItemProxy section */

/* Begin PBXFileReference section */
		0F3FD3E01CB815F8002AD7A6 /* iOSFonts.app */ = {isa = PBXFileReference; explicitFileType = wrapper.application; includeInIndex = 0; path = iOSFonts.app; sourceTree = BUILT_PRODUCTS_DIR; };
		0F3FD3E21CB815F8002AD7A6 /* AppDelegate.swift */ = {isa = PBXFileReference; lastKnownFileType = sourcecode.swift; path = AppDelegate.swift; sourceTree = "<group>"; };
		0F3FD3E51CB815F8002AD7A6 /* iOSFonts.xcdatamodel */ = {isa = PBXFileReference; lastKnownFileType = wrapper.xcdatamodel; path = iOSFonts.xcdatamodel; sourceTree = "<group>"; };
		0F3FD3E71CB815F8002AD7A6 /* MasterViewController.swift */ = {isa = PBXFileReference; lastKnownFileType = sourcecode.swift; path = MasterViewController.swift; sourceTree = "<group>"; };
		0F3FD3E91CB815F8002AD7A6 /* DetailViewController.swift */ = {isa = PBXFileReference; lastKnownFileType = sourcecode.swift; path = DetailViewController.swift; sourceTree = "<group>"; };
		0F3FD3EC1CB815F8002AD7A6 /* Base */ = {isa = PBXFileReference; lastKnownFileType = file.storyboard; name = Base; path = Base.lproj/Main.storyboard; sourceTree = "<group>"; };
		0F3FD3EE1CB815F9002AD7A6 /* Assets.xcassets */ = {isa = PBXFileReference; lastKnownFileType = folder.assetcatalog; path = Assets.xcassets; sourceTree = "<group>"; };
		0F3FD3F11CB815F9002AD7A6 /* Base */ = {isa = PBXFileReference; lastKnownFileType = file.storyboard; name = Base; path = Base.lproj/LaunchScreen.storyboard; sourceTree = "<group>"; };
		0F3FD3F31CB815F9002AD7A6 /* Info.plist */ = {isa = PBXFileReference; lastKnownFileType = text.plist.xml; path = Info.plist; sourceTree = "<group>"; };
		0F3FD3F81CB815F9002AD7A6 /* iOSFontsTests.xctest */ = {isa = PBXFileReference; explicitFileType = wrapper.cfbundle; includeInIndex = 0; path = iOSFontsTests.xctest; sourceTree = BUILT_PRODUCTS_DIR; };
		0F3FD3FC1CB815F9002AD7A6 /* iOSFontsTests.swift */ = {isa = PBXFileReference; lastKnownFileType = sourcecode.swift; path = iOSFontsTests.swift; sourceTree = "<group>"; };
		0F3FD3FE1CB815F9002AD7A6 /* Info.plist */ = {isa = PBXFileReference; lastKnownFileType = text.plist.xml; path = Info.plist; sourceTree = "<group>"; };
		0F3FD4031CB815F9002AD7A6 /* iOSFontsUITests.xctest */ = {isa = PBXFileReference; explicitFileType = wrapper.cfbundle; includeInIndex = 0; path = iOSFontsUITests.xctest; sourceTree = BUILT_PRODUCTS_DIR; };
		0F3FD4071CB815F9002AD7A6 /* iOSFontsUITests.swift */ = {isa = PBXFileReference; lastKnownFileType = sourcecode.swift; path = iOSFontsUITests.swift; sourceTree = "<group>"; };
		0F3FD4091CB815F9002AD7A6 /* Info.plist */ = {isa = PBXFileReference; lastKnownFileType = text.plist.xml; path = Info.plist; sourceTree = "<group>"; };
		0F656C4F1CB72FBD00CB2C63 /* FontTableViewController.swift */ = {isa = PBXFileReference; fileEncoding = 4; lastKnownFileType = sourcecode.swift; path = FontTableViewController.swift; sourceTree = "<group>"; };
		0FCAFDAE1CB6A85E00ED7CBD /* Apple Fonts.app */ = {isa = PBXFileReference; explicitFileType = wrapper.application; includeInIndex = 0; path = "Apple Fonts.app"; sourceTree = BUILT_PRODUCTS_DIR; };
		0FCAFDB11CB6A85E00ED7CBD /* AppDelegate.swift */ = {isa = PBXFileReference; lastKnownFileType = sourcecode.swift; path = AppDelegate.swift; sourceTree = "<group>"; };
		0FCAFDB31CB6A85E00ED7CBD /* ViewController.swift */ = {isa = PBXFileReference; lastKnownFileType = sourcecode.swift; path = ViewController.swift; sourceTree = "<group>"; };
		0FCAFDB61CB6A85E00ED7CBD /* Apple_Fonts.xcdatamodel */ = {isa = PBXFileReference; lastKnownFileType = wrapper.xcdatamodel; path = Apple_Fonts.xcdatamodel; sourceTree = "<group>"; };
		0FCAFDB91CB6A85E00ED7CBD /* Base */ = {isa = PBXFileReference; lastKnownFileType = file.storyboard; name = Base; path = Base.lproj/Main.storyboard; sourceTree = "<group>"; };
		0FCAFDBB1CB6A85E00ED7CBD /* Assets.xcassets */ = {isa = PBXFileReference; lastKnownFileType = folder.assetcatalog; path = Assets.xcassets; sourceTree = "<group>"; };
		0FCAFDBD1CB6A85E00ED7CBD /* Info.plist */ = {isa = PBXFileReference; lastKnownFileType = text.plist.xml; path = Info.plist; sourceTree = "<group>"; };
		0FCAFDC21CB6A85E00ED7CBD /* Apple FontsTests.xctest */ = {isa = PBXFileReference; explicitFileType = wrapper.cfbundle; includeInIndex = 0; path = "Apple FontsTests.xctest"; sourceTree = BUILT_PRODUCTS_DIR; };
		0FCAFDC61CB6A85E00ED7CBD /* Apple_FontsTests.swift */ = {isa = PBXFileReference; lastKnownFileType = sourcecode.swift; path = Apple_FontsTests.swift; sourceTree = "<group>"; };
		0FCAFDC81CB6A85E00ED7CBD /* Info.plist */ = {isa = PBXFileReference; lastKnownFileType = text.plist.xml; path = Info.plist; sourceTree = "<group>"; };
		0FCAFDCD1CB6A85E00ED7CBD /* Apple FontsUITests.xctest */ = {isa = PBXFileReference; explicitFileType = wrapper.cfbundle; includeInIndex = 0; path = "Apple FontsUITests.xctest"; sourceTree = BUILT_PRODUCTS_DIR; };
		0FCAFDD11CB6A85E00ED7CBD /* Apple_FontsUITests.swift */ = {isa = PBXFileReference; lastKnownFileType = sourcecode.swift; path = Apple_FontsUITests.swift; sourceTree = "<group>"; };
		0FCAFDD31CB6A85E00ED7CBD /* Info.plist */ = {isa = PBXFileReference; lastKnownFileType = text.plist.xml; path = Info.plist; sourceTree = "<group>"; };
		0FCF618B1CB6B6FA00845BC5 /* CZFontsManager.swift */ = {isa = PBXFileReference; fileEncoding = 4; lastKnownFileType = sourcecode.swift; name = CZFontsManager.swift; path = "Apple Fonts/CZFontsManager.swift"; sourceTree = SOURCE_ROOT; };
/* End PBXFileReference section */

/* Begin PBXFrameworksBuildPhase section */
		0F3FD3DD1CB815F8002AD7A6 /* Frameworks */ = {
			isa = PBXFrameworksBuildPhase;
			buildActionMask = 2147483647;
			files = (
			);
			runOnlyForDeploymentPostprocessing = 0;
		};
		0F3FD3F51CB815F9002AD7A6 /* Frameworks */ = {
			isa = PBXFrameworksBuildPhase;
			buildActionMask = 2147483647;
			files = (
			);
			runOnlyForDeploymentPostprocessing = 0;
		};
		0F3FD4001CB815F9002AD7A6 /* Frameworks */ = {
			isa = PBXFrameworksBuildPhase;
			buildActionMask = 2147483647;
			files = (
			);
			runOnlyForDeploymentPostprocessing = 0;
		};
		0FCAFDAB1CB6A85E00ED7CBD /* Frameworks */ = {
			isa = PBXFrameworksBuildPhase;
			buildActionMask = 2147483647;
			files = (
			);
			runOnlyForDeploymentPostprocessing = 0;
		};
		0FCAFDBF1CB6A85E00ED7CBD /* Frameworks */ = {
			isa = PBXFrameworksBuildPhase;
			buildActionMask = 2147483647;
			files = (
			);
			runOnlyForDeploymentPostprocessing = 0;
		};
		0FCAFDCA1CB6A85E00ED7CBD /* Frameworks */ = {
			isa = PBXFrameworksBuildPhase;
			buildActionMask = 2147483647;
			files = (
			);
			runOnlyForDeploymentPostprocessing = 0;
		};
/* End PBXFrameworksBuildPhase section */

/* Begin PBXGroup section */
		0F3FD3E11CB815F8002AD7A6 /* iOSFonts */ = {
			isa = PBXGroup;
			children = (
				0F3FD3E21CB815F8002AD7A6 /* AppDelegate.swift */,
				0F3FD3E71CB815F8002AD7A6 /* MasterViewController.swift */,
				0F3FD3E91CB815F8002AD7A6 /* DetailViewController.swift */,
				0F3FD3EB1CB815F8002AD7A6 /* Main.storyboard */,
				0F3FD3EE1CB815F9002AD7A6 /* Assets.xcassets */,
				0F3FD3F01CB815F9002AD7A6 /* LaunchScreen.storyboard */,
				0F3FD3F31CB815F9002AD7A6 /* Info.plist */,
				0F3FD3E41CB815F8002AD7A6 /* iOSFonts.xcdatamodeld */,
			);
			path = iOSFonts;
			sourceTree = "<group>";
		};
		0F3FD3FB1CB815F9002AD7A6 /* iOSFontsTests */ = {
			isa = PBXGroup;
			children = (
				0F3FD3FC1CB815F9002AD7A6 /* iOSFontsTests.swift */,
				0F3FD3FE1CB815F9002AD7A6 /* Info.plist */,
			);
			path = iOSFontsTests;
			sourceTree = "<group>";
		};
		0F3FD4061CB815F9002AD7A6 /* iOSFontsUITests */ = {
			isa = PBXGroup;
			children = (
				0F3FD4071CB815F9002AD7A6 /* iOSFontsUITests.swift */,
				0F3FD4091CB815F9002AD7A6 /* Info.plist */,
			);
			path = iOSFontsUITests;
			sourceTree = "<group>";
		};
		0FCAFDA51CB6A85E00ED7CBD = {
			isa = PBXGroup;
			children = (
				0FCAFDB01CB6A85E00ED7CBD /* Apple Fonts */,
				0FCAFDC51CB6A85E00ED7CBD /* Apple FontsTests */,
				0FCAFDD01CB6A85E00ED7CBD /* Apple FontsUITests */,
				0F3FD3E11CB815F8002AD7A6 /* iOSFonts */,
				0F3FD3FB1CB815F9002AD7A6 /* iOSFontsTests */,
				0F3FD4061CB815F9002AD7A6 /* iOSFontsUITests */,
				0FCAFDAF1CB6A85E00ED7CBD /* Products */,
			);
			sourceTree = "<group>";
		};
		0FCAFDAF1CB6A85E00ED7CBD /* Products */ = {
			isa = PBXGroup;
			children = (
				0FCAFDAE1CB6A85E00ED7CBD /* Apple Fonts.app */,
				0FCAFDC21CB6A85E00ED7CBD /* Apple FontsTests.xctest */,
				0FCAFDCD1CB6A85E00ED7CBD /* Apple FontsUITests.xctest */,
				0F3FD3E01CB815F8002AD7A6 /* iOSFonts.app */,
				0F3FD3F81CB815F9002AD7A6 /* iOSFontsTests.xctest */,
				0F3FD4031CB815F9002AD7A6 /* iOSFontsUITests.xctest */,
			);
			name = Products;
			sourceTree = "<group>";
		};
		0FCAFDB01CB6A85E00ED7CBD /* Apple Fonts */ = {
			isa = PBXGroup;
			children = (
				0FCAFDB11CB6A85E00ED7CBD /* AppDelegate.swift */,
				0FCF618B1CB6B6FA00845BC5 /* CZFontsManager.swift */,
				0FCAFDB31CB6A85E00ED7CBD /* ViewController.swift */,
				0F656C4F1CB72FBD00CB2C63 /* FontTableViewController.swift */,
				0FCAFDB81CB6A85E00ED7CBD /* Main.storyboard */,
				0FCAFDBB1CB6A85E00ED7CBD /* Assets.xcassets */,
				0FCAFDBD1CB6A85E00ED7CBD /* Info.plist */,
				0FCAFDB51CB6A85E00ED7CBD /* Apple_Fonts.xcdatamodeld */,
			);
			path = "Apple Fonts";
			sourceTree = "<group>";
		};
		0FCAFDC51CB6A85E00ED7CBD /* Apple FontsTests */ = {
			isa = PBXGroup;
			children = (
				0FCAFDC61CB6A85E00ED7CBD /* Apple_FontsTests.swift */,
				0FCAFDC81CB6A85E00ED7CBD /* Info.plist */,
			);
			path = "Apple FontsTests";
			sourceTree = "<group>";
		};
		0FCAFDD01CB6A85E00ED7CBD /* Apple FontsUITests */ = {
			isa = PBXGroup;
			children = (
				0FCAFDD11CB6A85E00ED7CBD /* Apple_FontsUITests.swift */,
				0FCAFDD31CB6A85E00ED7CBD /* Info.plist */,
			);
			path = "Apple FontsUITests";
			sourceTree = "<group>";
		};
/* End PBXGroup section */

/* Begin PBXNativeTarget section */
		0F3FD3DF1CB815F8002AD7A6 /* iOSFonts */ = {
			isa = PBXNativeTarget;
			buildConfigurationList = 0F3FD4101CB815F9002AD7A6 /* Build configuration list for PBXNativeTarget "iOSFonts" */;
			buildPhases = (
				0F3FD3DC1CB815F8002AD7A6 /* Sources */,
				0F3FD3DD1CB815F8002AD7A6 /* Frameworks */,
				0F3FD3DE1CB815F8002AD7A6 /* Resources */,
			);
			buildRules = (
			);
			dependencies = (
			);
			name = iOSFonts;
			productName = iOSFonts;
			productReference = 0F3FD3E01CB815F8002AD7A6 /* iOSFonts.app */;
			productType = "com.apple.product-type.application";
		};
		0F3FD3F71CB815F9002AD7A6 /* iOSFontsTests */ = {
			isa = PBXNativeTarget;
			buildConfigurationList = 0F3FD4111CB815F9002AD7A6 /* Build configuration list for PBXNativeTarget "iOSFontsTests" */;
			buildPhases = (
				0F3FD3F41CB815F9002AD7A6 /* Sources */,
				0F3FD3F51CB815F9002AD7A6 /* Frameworks */,
				0F3FD3F61CB815F9002AD7A6 /* Resources */,
			);
			buildRules = (
			);
			dependencies = (
				0F3FD3FA1CB815F9002AD7A6 /* PBXTargetDependency */,
			);
			name = iOSFontsTests;
			productName = iOSFontsTests;
			productReference = 0F3FD3F81CB815F9002AD7A6 /* iOSFontsTests.xctest */;
			productType = "com.apple.product-type.bundle.unit-test";
		};
		0F3FD4021CB815F9002AD7A6 /* iOSFontsUITests */ = {
			isa = PBXNativeTarget;
			buildConfigurationList = 0F3FD4121CB815F9002AD7A6 /* Build configuration list for PBXNativeTarget "iOSFontsUITests" */;
			buildPhases = (
				0F3FD3FF1CB815F9002AD7A6 /* Sources */,
				0F3FD4001CB815F9002AD7A6 /* Frameworks */,
				0F3FD4011CB815F9002AD7A6 /* Resources */,
			);
			buildRules = (
			);
			dependencies = (
				0F3FD4051CB815F9002AD7A6 /* PBXTargetDependency */,
			);
			name = iOSFontsUITests;
			productName = iOSFontsUITests;
			productReference = 0F3FD4031CB815F9002AD7A6 /* iOSFontsUITests.xctest */;
			productType = "com.apple.product-type.bundle.ui-testing";
		};
		0FCAFDAD1CB6A85E00ED7CBD /* Apple Fonts */ = {
			isa = PBXNativeTarget;
			buildConfigurationList = 0FCAFDD61CB6A85E00ED7CBD /* Build configuration list for PBXNativeTarget "Apple Fonts" */;
			buildPhases = (
				0FCAFDAA1CB6A85E00ED7CBD /* Sources */,
				0FCAFDAB1CB6A85E00ED7CBD /* Frameworks */,
				0FCAFDAC1CB6A85E00ED7CBD /* Resources */,
			);
			buildRules = (
			);
			dependencies = (
			);
			name = "Apple Fonts";
			productName = "Apple Fonts";
			productReference = 0FCAFDAE1CB6A85E00ED7CBD /* Apple Fonts.app */;
			productType = "com.apple.product-type.application";
		};
		0FCAFDC11CB6A85E00ED7CBD /* Apple FontsTests */ = {
			isa = PBXNativeTarget;
			buildConfigurationList = 0FCAFDD91CB6A85E00ED7CBD /* Build configuration list for PBXNativeTarget "Apple FontsTests" */;
			buildPhases = (
				0FCAFDBE1CB6A85E00ED7CBD /* Sources */,
				0FCAFDBF1CB6A85E00ED7CBD /* Frameworks */,
				0FCAFDC01CB6A85E00ED7CBD /* Resources */,
			);
			buildRules = (
			);
			dependencies = (
				0FCAFDC41CB6A85E00ED7CBD /* PBXTargetDependency */,
			);
			name = "Apple FontsTests";
			productName = "Apple FontsTests";
			productReference = 0FCAFDC21CB6A85E00ED7CBD /* Apple FontsTests.xctest */;
			productType = "com.apple.product-type.bundle.unit-test";
		};
		0FCAFDCC1CB6A85E00ED7CBD /* Apple FontsUITests */ = {
			isa = PBXNativeTarget;
			buildConfigurationList = 0FCAFDDC1CB6A85E00ED7CBD /* Build configuration list for PBXNativeTarget "Apple FontsUITests" */;
			buildPhases = (
				0FCAFDC91CB6A85E00ED7CBD /* Sources */,
				0FCAFDCA1CB6A85E00ED7CBD /* Frameworks */,
				0FCAFDCB1CB6A85E00ED7CBD /* Resources */,
			);
			buildRules = (
			);
			dependencies = (
				0FCAFDCF1CB6A85E00ED7CBD /* PBXTargetDependency */,
			);
			name = "Apple FontsUITests";
			productName = "Apple FontsUITests";
			productReference = 0FCAFDCD1CB6A85E00ED7CBD /* Apple FontsUITests.xctest */;
			productType = "com.apple.product-type.bundle.ui-testing";
		};
/* End PBXNativeTarget section */

/* Begin PBXProject section */
		0FCAFDA61CB6A85E00ED7CBD /* Project object */ = {
			isa = PBXProject;
			attributes = {
				LastSwiftUpdateCheck = 0730;
				LastUpgradeCheck = 0730;
				ORGANIZATIONNAME = "Map of the Unexplored";
				TargetAttributes = {
					0F3FD3DF1CB815F8002AD7A6 = {
						CreatedOnToolsVersion = 7.3;
					};
					0F3FD3F71CB815F9002AD7A6 = {
						CreatedOnToolsVersion = 7.3;
						TestTargetID = 0F3FD3DF1CB815F8002AD7A6;
					};
					0F3FD4021CB815F9002AD7A6 = {
						CreatedOnToolsVersion = 7.3;
						TestTargetID = 0F3FD3DF1CB815F8002AD7A6;
					};
					0FCAFDAD1CB6A85E00ED7CBD = {
						CreatedOnToolsVersion = 7.3;
						DevelopmentTeam = UB37VMGP6E;
					};
					0FCAFDC11CB6A85E00ED7CBD = {
						CreatedOnToolsVersion = 7.3;
						TestTargetID = 0FCAFDAD1CB6A85E00ED7CBD;
					};
					0FCAFDCC1CB6A85E00ED7CBD = {
						CreatedOnToolsVersion = 7.3;
						TestTargetID = 0FCAFDAD1CB6A85E00ED7CBD;
					};
				};
			};
			buildConfigurationList = 0FCAFDA91CB6A85E00ED7CBD /* Build configuration list for PBXProject "Apple Fonts" */;
			compatibilityVersion = "Xcode 3.2";
			developmentRegion = English;
			hasScannedForEncodings = 0;
			knownRegions = (
				en,
				Base,
			);
			mainGroup = 0FCAFDA51CB6A85E00ED7CBD;
			productRefGroup = 0FCAFDAF1CB6A85E00ED7CBD /* Products */;
			projectDirPath = "";
			projectRoot = "";
			targets = (
				0FCAFDAD1CB6A85E00ED7CBD /* Apple Fonts */,
				0FCAFDC11CB6A85E00ED7CBD /* Apple FontsTests */,
				0FCAFDCC1CB6A85E00ED7CBD /* Apple FontsUITests */,
				0F3FD3DF1CB815F8002AD7A6 /* iOSFonts */,
				0F3FD3F71CB815F9002AD7A6 /* iOSFontsTests */,
				0F3FD4021CB815F9002AD7A6 /* iOSFontsUITests */,
			);
		};
/* End PBXProject section */

/* Begin PBXResourcesBuildPhase section */
		0F3FD3DE1CB815F8002AD7A6 /* Resources */ = {
			isa = PBXResourcesBuildPhase;
			buildActionMask = 2147483647;
			files = (
				0F3FD3F21CB815F9002AD7A6 /* LaunchScreen.storyboard in Resources */,
				0F3FD3EF1CB815F9002AD7A6 /* Assets.xcassets in Resources */,
				0F3FD3ED1CB815F9002AD7A6 /* Main.storyboard in Resources */,
			);
			runOnlyForDeploymentPostprocessing = 0;
		};
		0F3FD3F61CB815F9002AD7A6 /* Resources */ = {
			isa = PBXResourcesBuildPhase;
			buildActionMask = 2147483647;
			files = (
			);
			runOnlyForDeploymentPostprocessing = 0;
		};
		0F3FD4011CB815F9002AD7A6 /* Resources */ = {
			isa = PBXResourcesBuildPhase;
			buildActionMask = 2147483647;
			files = (
				0F3FD4191CB81883002AD7A6 /* Main.storyboard in Resources */,
			);
			runOnlyForDeploymentPostprocessing = 0;
		};
		0FCAFDAC1CB6A85E00ED7CBD /* Resources */ = {
			isa = PBXResourcesBuildPhase;
			buildActionMask = 2147483647;
			files = (
				0FCAFDBC1CB6A85E00ED7CBD /* Assets.xcassets in Resources */,
				0FCAFDBA1CB6A85E00ED7CBD /* Main.storyboard in Resources */,
			);
			runOnlyForDeploymentPostprocessing = 0;
		};
		0FCAFDC01CB6A85E00ED7CBD /* Resources */ = {
			isa = PBXResourcesBuildPhase;
			buildActionMask = 2147483647;
			files = (
			);
			runOnlyForDeploymentPostprocessing = 0;
		};
		0FCAFDCB1CB6A85E00ED7CBD /* Resources */ = {
			isa = PBXResourcesBuildPhase;
			buildActionMask = 2147483647;
			files = (
				0F656C4E1CB72F2F00CB2C63 /* Main.storyboard in Resources */,
			);
			runOnlyForDeploymentPostprocessing = 0;
		};
/* End PBXResourcesBuildPhase section */

/* Begin PBXSourcesBuildPhase section */
		0F3FD3DC1CB815F8002AD7A6 /* Sources */ = {
			isa = PBXSourcesBuildPhase;
			buildActionMask = 2147483647;
			files = (
				0F3FD3E61CB815F8002AD7A6 /* iOSFonts.xcdatamodeld in Sources */,
				0F3FD3E31CB815F8002AD7A6 /* AppDelegate.swift in Sources */,
				0F3FD3E81CB815F8002AD7A6 /* MasterViewController.swift in Sources */,
				0F3FD4131CB81685002AD7A6 /* FontTableViewController.swift in Sources */,
				0F3FD3EA1CB815F8002AD7A6 /* DetailViewController.swift in Sources */,
				0F3FD4151CB81695002AD7A6 /* CZFontsManager.swift in Sources */,
			);
			runOnlyForDeploymentPostprocessing = 0;
		};
		0F3FD3F41CB815F9002AD7A6 /* Sources */ = {
			isa = PBXSourcesBuildPhase;
			buildActionMask = 2147483647;
			files = (
				0F3FD3FD1CB815F9002AD7A6 /* iOSFontsTests.swift in Sources */,
				0F3FD4161CB81696002AD7A6 /* CZFontsManager.swift in Sources */,
			);
			runOnlyForDeploymentPostprocessing = 0;
		};
		0F3FD3FF1CB815F9002AD7A6 /* Sources */ = {
			isa = PBXSourcesBuildPhase;
			buildActionMask = 2147483647;
			files = (
				0F3FD4141CB81686002AD7A6 /* FontTableViewController.swift in Sources */,
				0F3FD4081CB815F9002AD7A6 /* iOSFontsUITests.swift in Sources */,
				0F3FD4171CB81697002AD7A6 /* CZFontsManager.swift in Sources */,
			);
			runOnlyForDeploymentPostprocessing = 0;
		};
		0FCAFDAA1CB6A85E00ED7CBD /* Sources */ = {
			isa = PBXSourcesBuildPhase;
			buildActionMask = 2147483647;
			files = (
				0FCAFDB41CB6A85E00ED7CBD /* ViewController.swift in Sources */,
				0FCF618C1CB6B6FA00845BC5 /* CZFontsManager.swift in Sources */,
				0FCAFDB71CB6A85E00ED7CBD /* Apple_Fonts.xcdatamodeld in Sources */,
				0F656C501CB72FBD00CB2C63 /* FontTableViewController.swift in Sources */,
				0FCAFDB21CB6A85E00ED7CBD /* AppDelegate.swift in Sources */,
			);
			runOnlyForDeploymentPostprocessing = 0;
		};
		0FCAFDBE1CB6A85E00ED7CBD /* Sources */ = {
			isa = PBXSourcesBuildPhase;
			buildActionMask = 2147483647;
			files = (
				0FCAFDC71CB6A85E00ED7CBD /* Apple_FontsTests.swift in Sources */,
				0FCF618D1CB6B6FA00845BC5 /* CZFontsManager.swift in Sources */,
			);
			runOnlyForDeploymentPostprocessing = 0;
		};
		0FCAFDC91CB6A85E00ED7CBD /* Sources */ = {
			isa = PBXSourcesBuildPhase;
			buildActionMask = 2147483647;
			files = (
				0F656C511CB72FBD00CB2C63 /* FontTableViewController.swift in Sources */,
				0FCAFDD21CB6A85E00ED7CBD /* Apple_FontsUITests.swift in Sources */,
			);
			runOnlyForDeploymentPostprocessing = 0;
		};
/* End PBXSourcesBuildPhase section */

/* Begin PBXTargetDependency section */
		0F3FD3FA1CB815F9002AD7A6 /* PBXTargetDependency */ = {
			isa = PBXTargetDependency;
			target = 0F3FD3DF1CB815F8002AD7A6 /* iOSFonts */;
			targetProxy = 0F3FD3F91CB815F9002AD7A6 /* PBXContainerItemProxy */;
		};
		0F3FD4051CB815F9002AD7A6 /* PBXTargetDependency */ = {
			isa = PBXTargetDependency;
			target = 0F3FD3DF1CB815F8002AD7A6 /* iOSFonts */;
			targetProxy = 0F3FD4041CB815F9002AD7A6 /* PBXContainerItemProxy */;
		};
		0FCAFDC41CB6A85E00ED7CBD /* PBXTargetDependency */ = {
			isa = PBXTargetDependency;
			target = 0FCAFDAD1CB6A85E00ED7CBD /* Apple Fonts */;
			targetProxy = 0FCAFDC31CB6A85E00ED7CBD /* PBXContainerItemProxy */;
		};
		0FCAFDCF1CB6A85E00ED7CBD /* PBXTargetDependency */ = {
			isa = PBXTargetDependency;
			target = 0FCAFDAD1CB6A85E00ED7CBD /* Apple Fonts */;
			targetProxy = 0FCAFDCE1CB6A85E00ED7CBD /* PBXContainerItemProxy */;
		};
/* End PBXTargetDependency section */

/* Begin PBXVariantGroup section */
		0F3FD3EB1CB815F8002AD7A6 /* Main.storyboard */ = {
			isa = PBXVariantGroup;
			children = (
				0F3FD3EC1CB815F8002AD7A6 /* Base */,
			);
			name = Main.storyboard;
			sourceTree = "<group>";
		};
		0F3FD3F01CB815F9002AD7A6 /* LaunchScreen.storyboard */ = {
			isa = PBXVariantGroup;
			children = (
				0F3FD3F11CB815F9002AD7A6 /* Base */,
			);
			name = LaunchScreen.storyboard;
			sourceTree = "<group>";
		};
		0FCAFDB81CB6A85E00ED7CBD /* Main.storyboard */ = {
			isa = PBXVariantGroup;
			children = (
				0FCAFDB91CB6A85E00ED7CBD /* Base */,
			);
			name = Main.storyboard;
			sourceTree = "<group>";
		};
/* End PBXVariantGroup section */

/* Begin XCBuildConfiguration section */
		0F3FD40A1CB815F9002AD7A6 /* Debug */ = {
			isa = XCBuildConfiguration;
			buildSettings = {
				ASSETCATALOG_COMPILER_APPICON_NAME = AppIcon;
				"CODE_SIGN_IDENTITY[sdk=iphoneos*]" = "iPhone Developer";
				INFOPLIST_FILE = iOSFonts/Info.plist;
				IPHONEOS_DEPLOYMENT_TARGET = 9.3;
				LD_RUNPATH_SEARCH_PATHS = "$(inherited) @executable_path/Frameworks";
				PRODUCT_BUNDLE_IDENTIFIER = com.mapoftheunexplored.iOSFonts;
				PRODUCT_NAME = "$(TARGET_NAME)";
				SDKROOT = iphoneos;
				TARGETED_DEVICE_FAMILY = "1,2";
			};
			name = Debug;
		};
		0F3FD40B1CB815F9002AD7A6 /* Release */ = {
			isa = XCBuildConfiguration;
			buildSettings = {
				ASSETCATALOG_COMPILER_APPICON_NAME = AppIcon;
				"CODE_SIGN_IDENTITY[sdk=iphoneos*]" = "iPhone Developer";
				INFOPLIST_FILE = iOSFonts/Info.plist;
				IPHONEOS_DEPLOYMENT_TARGET = 9.3;
				LD_RUNPATH_SEARCH_PATHS = "$(inherited) @executable_path/Frameworks";
				PRODUCT_BUNDLE_IDENTIFIER = com.mapoftheunexplored.iOSFonts;
				PRODUCT_NAME = "$(TARGET_NAME)";
				SDKROOT = iphoneos;
				TARGETED_DEVICE_FAMILY = "1,2";
			};
			name = Release;
		};
		0F3FD40C1CB815F9002AD7A6 /* Debug */ = {
			isa = XCBuildConfiguration;
			buildSettings = {
				BUNDLE_LOADER = "$(TEST_HOST)";
				"CODE_SIGN_IDENTITY[sdk=iphoneos*]" = "iPhone Developer";
				INFOPLIST_FILE = iOSFontsTests/Info.plist;
				IPHONEOS_DEPLOYMENT_TARGET = 9.3;
				LD_RUNPATH_SEARCH_PATHS = "$(inherited) @executable_path/Frameworks @loader_path/Frameworks";
				PRODUCT_BUNDLE_IDENTIFIER = com.mapoftheunexplored.iOSFontsTests;
				PRODUCT_NAME = "$(TARGET_NAME)";
				SDKROOT = iphoneos;
				TEST_HOST = "$(BUILT_PRODUCTS_DIR)/iOSFonts.app/iOSFonts";
			};
			name = Debug;
		};
		0F3FD40D1CB815F9002AD7A6 /* Release */ = {
			isa = XCBuildConfiguration;
			buildSettings = {
				BUNDLE_LOADER = "$(TEST_HOST)";
				"CODE_SIGN_IDENTITY[sdk=iphoneos*]" = "iPhone Developer";
				INFOPLIST_FILE = iOSFontsTests/Info.plist;
				IPHONEOS_DEPLOYMENT_TARGET = 9.3;
				LD_RUNPATH_SEARCH_PATHS = "$(inherited) @executable_path/Frameworks @loader_path/Frameworks";
				PRODUCT_BUNDLE_IDENTIFIER = com.mapoftheunexplored.iOSFontsTests;
				PRODUCT_NAME = "$(TARGET_NAME)";
				SDKROOT = iphoneos;
				TEST_HOST = "$(BUILT_PRODUCTS_DIR)/iOSFonts.app/iOSFonts";
			};
			name = Release;
		};
		0F3FD40E1CB815F9002AD7A6 /* Debug */ = {
			isa = XCBuildConfiguration;
			buildSettings = {
				"CODE_SIGN_IDENTITY[sdk=iphoneos*]" = "iPhone Developer";
				INFOPLIST_FILE = iOSFontsUITests/Info.plist;
				IPHONEOS_DEPLOYMENT_TARGET = 9.3;
				LD_RUNPATH_SEARCH_PATHS = "$(inherited) @executable_path/Frameworks @loader_path/Frameworks";
				PRODUCT_BUNDLE_IDENTIFIER = com.mapoftheunexplored.iOSFontsUITests;
				PRODUCT_NAME = "$(TARGET_NAME)";
				SDKROOT = iphoneos;
				TEST_TARGET_NAME = iOSFonts;
			};
			name = Debug;
		};
		0F3FD40F1CB815F9002AD7A6 /* Release */ = {
			isa = XCBuildConfiguration;
			buildSettings = {
				"CODE_SIGN_IDENTITY[sdk=iphoneos*]" = "iPhone Developer";
				INFOPLIST_FILE = iOSFontsUITests/Info.plist;
				IPHONEOS_DEPLOYMENT_TARGET = 9.3;
				LD_RUNPATH_SEARCH_PATHS = "$(inherited) @executable_path/Frameworks @loader_path/Frameworks";
				PRODUCT_BUNDLE_IDENTIFIER = com.mapoftheunexplored.iOSFontsUITests;
				PRODUCT_NAME = "$(TARGET_NAME)";
				SDKROOT = iphoneos;
				TEST_TARGET_NAME = iOSFonts;
			};
			name = Release;
		};
		0FCAFDD41CB6A85E00ED7CBD /* Debug */ = {
			isa = XCBuildConfiguration;
			buildSettings = {
				ALWAYS_SEARCH_USER_PATHS = NO;
				CLANG_ANALYZER_NONNULL = YES;
				CLANG_CXX_LANGUAGE_STANDARD = "gnu++0x";
				CLANG_CXX_LIBRARY = "libc++";
				CLANG_ENABLE_MODULES = YES;
				CLANG_ENABLE_OBJC_ARC = YES;
				CLANG_WARN_BOOL_CONVERSION = YES;
				CLANG_WARN_CONSTANT_CONVERSION = YES;
				CLANG_WARN_DIRECT_OBJC_ISA_USAGE = YES_ERROR;
				CLANG_WARN_EMPTY_BODY = YES;
				CLANG_WARN_ENUM_CONVERSION = YES;
				CLANG_WARN_INT_CONVERSION = YES;
				CLANG_WARN_OBJC_ROOT_CLASS = YES_ERROR;
				CLANG_WARN_UNREACHABLE_CODE = YES;
				CLANG_WARN__DUPLICATE_METHOD_MATCH = YES;
				COPY_PHASE_STRIP = NO;
				DEBUG_INFORMATION_FORMAT = dwarf;
				ENABLE_STRICT_OBJC_MSGSEND = YES;
				ENABLE_TESTABILITY = YES;
				GCC_C_LANGUAGE_STANDARD = gnu99;
				GCC_DYNAMIC_NO_PIC = NO;
				GCC_NO_COMMON_BLOCKS = YES;
				GCC_OPTIMIZATION_LEVEL = 0;
				GCC_PREPROCESSOR_DEFINITIONS = (
					"DEBUG=1",
					"$(inherited)",
				);
				GCC_WARN_64_TO_32_BIT_CONVERSION = YES;
				GCC_WARN_ABOUT_RETURN_TYPE = YES_ERROR;
				GCC_WARN_UNDECLARED_SELECTOR = YES;
				GCC_WARN_UNINITIALIZED_AUTOS = YES_AGGRESSIVE;
				GCC_WARN_UNUSED_FUNCTION = YES;
				GCC_WARN_UNUSED_VARIABLE = YES;
				MTL_ENABLE_DEBUG_INFO = YES;
				ONLY_ACTIVE_ARCH = YES;
				SDKROOT = appletvos;
				SWIFT_OPTIMIZATION_LEVEL = "-Onone";
				TARGETED_DEVICE_FAMILY = 3;
				TVOS_DEPLOYMENT_TARGET = 9.2;
			};
			name = Debug;
		};
		0FCAFDD51CB6A85E00ED7CBD /* Release */ = {
			isa = XCBuildConfiguration;
			buildSettings = {
				ALWAYS_SEARCH_USER_PATHS = NO;
				CLANG_ANALYZER_NONNULL = YES;
				CLANG_CXX_LANGUAGE_STANDARD = "gnu++0x";
				CLANG_CXX_LIBRARY = "libc++";
				CLANG_ENABLE_MODULES = YES;
				CLANG_ENABLE_OBJC_ARC = YES;
				CLANG_WARN_BOOL_CONVERSION = YES;
				CLANG_WARN_CONSTANT_CONVERSION = YES;
				CLANG_WARN_DIRECT_OBJC_ISA_USAGE = YES_ERROR;
				CLANG_WARN_EMPTY_BODY = YES;
				CLANG_WARN_ENUM_CONVERSION = YES;
				CLANG_WARN_INT_CONVERSION = YES;
				CLANG_WARN_OBJC_ROOT_CLASS = YES_ERROR;
				CLANG_WARN_UNREACHABLE_CODE = YES;
				CLANG_WARN__DUPLICATE_METHOD_MATCH = YES;
				COPY_PHASE_STRIP = NO;
				DEBUG_INFORMATION_FORMAT = "dwarf-with-dsym";
				ENABLE_NS_ASSERTIONS = NO;
				ENABLE_STRICT_OBJC_MSGSEND = YES;
				GCC_C_LANGUAGE_STANDARD = gnu99;
				GCC_NO_COMMON_BLOCKS = YES;
				GCC_WARN_64_TO_32_BIT_CONVERSION = YES;
				GCC_WARN_ABOUT_RETURN_TYPE = YES_ERROR;
				GCC_WARN_UNDECLARED_SELECTOR = YES;
				GCC_WARN_UNINITIALIZED_AUTOS = YES_AGGRESSIVE;
				GCC_WARN_UNUSED_FUNCTION = YES;
				GCC_WARN_UNUSED_VARIABLE = YES;
				MTL_ENABLE_DEBUG_INFO = NO;
				SDKROOT = appletvos;
				TARGETED_DEVICE_FAMILY = 3;
				TVOS_DEPLOYMENT_TARGET = 9.2;
				VALIDATE_PRODUCT = YES;
			};
			name = Release;
		};
		0FCAFDD71CB6A85E00ED7CBD /* Debug */ = {
			isa = XCBuildConfiguration;
			buildSettings = {
				ASSETCATALOG_COMPILER_APPICON_NAME = "App Icon & Top Shelf Image";
				ASSETCATALOG_COMPILER_LAUNCHIMAGE_NAME = LaunchImage;
				CODE_SIGN_IDENTITY = "iPhone Developer";
				INFOPLIST_FILE = "Apple Fonts/Info.plist";
				LD_RUNPATH_SEARCH_PATHS = "$(inherited) @executable_path/Frameworks";
				PRODUCT_BUNDLE_IDENTIFIER = "com.mapoftheunexplored.Apple-Fonts";
				PRODUCT_NAME = "$(TARGET_NAME)";
			};
			name = Debug;
		};
		0FCAFDD81CB6A85E00ED7CBD /* Release */ = {
			isa = XCBuildConfiguration;
			buildSettings = {
				ASSETCATALOG_COMPILER_APPICON_NAME = "App Icon & Top Shelf Image";
				ASSETCATALOG_COMPILER_LAUNCHIMAGE_NAME = LaunchImage;
				CODE_SIGN_IDENTITY = "iPhone Developer";
				INFOPLIST_FILE = "Apple Fonts/Info.plist";
				LD_RUNPATH_SEARCH_PATHS = "$(inherited) @executable_path/Frameworks";
				PRODUCT_BUNDLE_IDENTIFIER = "com.mapoftheunexplored.Apple-Fonts";
				PRODUCT_NAME = "$(TARGET_NAME)";
			};
			name = Release;
		};
		0FCAFDDA1CB6A85E00ED7CBD /* Debug */ = {
			isa = XCBuildConfiguration;
			buildSettings = {
				BUNDLE_LOADER = "$(TEST_HOST)";
				INFOPLIST_FILE = "Apple FontsTests/Info.plist";
				LD_RUNPATH_SEARCH_PATHS = "$(inherited) @executable_path/Frameworks @loader_path/Frameworks";
				PRODUCT_BUNDLE_IDENTIFIER = "com.mapoftheunexplored.Apple-FontsTests";
				PRODUCT_NAME = "$(TARGET_NAME)";
				TEST_HOST = "$(BUILT_PRODUCTS_DIR)/Apple Fonts.app/Apple Fonts";
			};
			name = Debug;
		};
		0FCAFDDB1CB6A85E00ED7CBD /* Release */ = {
			isa = XCBuildConfiguration;
			buildSettings = {
				BUNDLE_LOADER = "$(TEST_HOST)";
				INFOPLIST_FILE = "Apple FontsTests/Info.plist";
				LD_RUNPATH_SEARCH_PATHS = "$(inherited) @executable_path/Frameworks @loader_path/Frameworks";
				PRODUCT_BUNDLE_IDENTIFIER = "com.mapoftheunexplored.Apple-FontsTests";
				PRODUCT_NAME = "$(TARGET_NAME)";
				TEST_HOST = "$(BUILT_PRODUCTS_DIR)/Apple Fonts.app/Apple Fonts";
			};
			name = Release;
		};
		0FCAFDDD1CB6A85E00ED7CBD /* Debug */ = {
			isa = XCBuildConfiguration;
			buildSettings = {
				INFOPLIST_FILE = "Apple FontsUITests/Info.plist";
				LD_RUNPATH_SEARCH_PATHS = "$(inherited) @executable_path/Frameworks @loader_path/Frameworks";
				PRODUCT_BUNDLE_IDENTIFIER = "com.mapoftheunexplored.Apple-FontsUITests";
				PRODUCT_NAME = "$(TARGET_NAME)";
				TEST_TARGET_NAME = "Apple Fonts";
			};
			name = Debug;
		};
		0FCAFDDE1CB6A85E00ED7CBD /* Release */ = {
			isa = XCBuildConfiguration;
			buildSettings = {
				INFOPLIST_FILE = "Apple FontsUITests/Info.plist";
				LD_RUNPATH_SEARCH_PATHS = "$(inherited) @executable_path/Frameworks @loader_path/Frameworks";
				PRODUCT_BUNDLE_IDENTIFIER = "com.mapoftheunexplored.Apple-FontsUITests";
				PRODUCT_NAME = "$(TARGET_NAME)";
				TEST_TARGET_NAME = "Apple Fonts";
			};
			name = Release;
		};
/* End XCBuildConfiguration section */

/* Begin XCConfigurationList section */
		0F3FD4101CB815F9002AD7A6 /* Build configuration list for PBXNativeTarget "iOSFonts" */ = {
			isa = XCConfigurationList;
			buildConfigurations = (
				0F3FD40A1CB815F9002AD7A6 /* Debug */,
				0F3FD40B1CB815F9002AD7A6 /* Release */,
			);
			defaultConfigurationIsVisible = 0;
		};
		0F3FD4111CB815F9002AD7A6 /* Build configuration list for PBXNativeTarget "iOSFontsTests" */ = {
			isa = XCConfigurationList;
			buildConfigurations = (
				0F3FD40C1CB815F9002AD7A6 /* Debug */,
				0F3FD40D1CB815F9002AD7A6 /* Release */,
			);
			defaultConfigurationIsVisible = 0;
		};
		0F3FD4121CB815F9002AD7A6 /* Build configuration list for PBXNativeTarget "iOSFontsUITests" */ = {
			isa = XCConfigurationList;
			buildConfigurations = (
				0F3FD40E1CB815F9002AD7A6 /* Debug */,
				0F3FD40F1CB815F9002AD7A6 /* Release */,
			);
			defaultConfigurationIsVisible = 0;
		};
		0FCAFDA91CB6A85E00ED7CBD /* Build configuration list for PBXProject "Apple Fonts" */ = {
			isa = XCConfigurationList;
			buildConfigurations = (
				0FCAFDD41CB6A85E00ED7CBD /* Debug */,
				0FCAFDD51CB6A85E00ED7CBD /* Release */,
			);
			defaultConfigurationIsVisible = 0;
			defaultConfigurationName = Release;
		};
		0FCAFDD61CB6A85E00ED7CBD /* Build configuration list for PBXNativeTarget "Apple Fonts" */ = {
			isa = XCConfigurationList;
			buildConfigurations = (
				0FCAFDD71CB6A85E00ED7CBD /* Debug */,
				0FCAFDD81CB6A85E00ED7CBD /* Release */,
			);
			defaultConfigurationIsVisible = 0;
			defaultConfigurationName = Release;
		};
		0FCAFDD91CB6A85E00ED7CBD /* Build configuration list for PBXNativeTarget "Apple FontsTests" */ = {
			isa = XCConfigurationList;
			buildConfigurations = (
				0FCAFDDA1CB6A85E00ED7CBD /* Debug */,
				0FCAFDDB1CB6A85E00ED7CBD /* Release */,
			);
			defaultConfigurationIsVisible = 0;
			defaultConfigurationName = Release;
		};
		0FCAFDDC1CB6A85E00ED7CBD /* Build configuration list for PBXNativeTarget "Apple FontsUITests" */ = {
			isa = XCConfigurationList;
			buildConfigurations = (
				0FCAFDDD1CB6A85E00ED7CBD /* Debug */,
				0FCAFDDE1CB6A85E00ED7CBD /* Release */,
			);
			defaultConfigurationIsVisible = 0;
			defaultConfigurationName = Release;
		};
/* End XCConfigurationList section */

/* Begin XCVersionGroup section */
		0F3FD3E41CB815F8002AD7A6 /* iOSFonts.xcdatamodeld */ = {
			isa = XCVersionGroup;
			children = (
				0F3FD3E51CB815F8002AD7A6 /* iOSFonts.xcdatamodel */,
			);
			currentVersion = 0F3FD3E51CB815F8002AD7A6 /* iOSFonts.xcdatamodel */;
			path = iOSFonts.xcdatamodeld;
			sourceTree = "<group>";
			versionGroupType = wrapper.xcdatamodel;
		};
		0FCAFDB51CB6A85E00ED7CBD /* Apple_Fonts.xcdatamodeld */ = {
			isa = XCVersionGroup;
			children = (
				0FCAFDB61CB6A85E00ED7CBD /* Apple_Fonts.xcdatamodel */,
			);
			currentVersion = 0FCAFDB61CB6A85E00ED7CBD /* Apple_Fonts.xcdatamodel */;
			path = Apple_Fonts.xcdatamodeld;
			sourceTree = "<group>";
			versionGroupType = wrapper.xcdatamodel;
		};
/* End XCVersionGroup section */
	};
	rootObject = 0FCAFDA61CB6A85E00ED7CBD /* Project object */;
}
